
Microsoft Visual Studio Solution File, Format Version 12.00
# Visual Studio Version 16
VisualStudioVersion = 16.0.31025.194
MinimumVisualStudioVersion = 10.0.40219.1
Project("{9A19103F-16F7-4668-BE54-9A1E7A4F7556}") = "MyWebAPI", "MyWebAPI.csproj", "{95AE97C5-A03C-472B-B7F0-F268400458DA}"
EndProject
Project("{9A19103F-16F7-4668-BE54-9A1E7A4F7556}") = "Base.Data", "..\Base.Data\Base.Data.csproj", "{EE336D22-E01D-4131-A905-2CA3F4F4FFDB}"
EndProject
Project("{9A19103F-16F7-4668-BE54-9A1E7A4F7556}") = "Base.Service", "..\Base.Service\Base.Service.csproj", "{088648CC-85F8-4786-B982-874F4BBE5CCB}"
EndProject
Project("{FAE04EC0-301F-11D3-BF4B-00C04F79EFBC}") = "Base.Helper", "..\Base.Helper\Base.Helper.csproj", "{F4CAF24E-B639-4B4A-97D5-0FCFE9043DA9}"
EndProject
Global
	GlobalSection(SolutionConfigurationPlatforms) = preSolution
		Debug|Any CPU = Debug|Any CPU
		Release|Any CPU = Release|Any CPU
	EndGlobalSection
	GlobalSection(ProjectConfigurationPlatforms) = postSolution
		{95AE97C5-A03C-472B-B7F0-F268400458DA}.Debug|Any CPU.ActiveCfg = Debug|Any CPU
		{95AE97C5-A03C-472B-B7F0-F268400458DA}.Debug|Any CPU.Build.0 = Debug|Any CPU
		{95AE97C5-A03C-472B-B7F0-F268400458DA}.Release|Any CPU.ActiveCfg = Release|Any CPU
		{95AE97C5-A03C-472B-B7F0-F268400458DA}.Release|Any CPU.Build.0 = Release|Any CPU
		{EE336D22-E01D-4131-A905-2CA3F4F4FFDB}.Debug|Any CPU.ActiveCfg = Debug|Any CPU
		{EE336D22-E01D-4131-A905-2CA3F4F4FFDB}.Debug|Any CPU.Build.0 = Debug|Any CPU
		{EE336D22-E01D-4131-A905-2CA3F4F4FFDB}.Release|Any CPU.ActiveCfg = Release|Any CPU
		{EE336D22-E01D-4131-A905-2CA3F4F4FFDB}.Release|Any CPU.Build.0 = Release|Any CPU
		{088648CC-85F8-4786-B982-874F4BBE5CCB}.Debug|Any CPU.ActiveCfg = Debug|Any CPU
		{088648CC-85F8-4786-B982-874F4BBE5CCB}.Debug|Any CPU.Build.0 = Debug|Any CPU
		{088648CC-85F8-4786-B982-874F4BBE5CCB}.Release|Any CPU.ActiveCfg = Release|Any CPU
		{088648CC-85F8-4786-B982-874F4BBE5CCB}.Release|Any CPU.Build.0 = Release|Any CPU
		{F4CAF24E-B639-4B4A-97D5-0FCFE9043DA9}.Debug|Any CPU.ActiveCfg = Debug|Any CPU
		{F4CAF24E-B639-4B4A-97D5-0FCFE9043DA9}.Debug|Any CPU.Build.0 = Debug|Any CPU
		{F4CAF24E-B639-4B4A-97D5-0FCFE9043DA9}.Release|Any CPU.ActiveCfg = Release|Any CPU
		{F4CAF24E-B639-4B4A-97D5-0FCFE9043DA9}.Release|Any CPU.Build.0 = Release|Any CPU
	EndGlobalSection
	GlobalSection(SolutionProperties) = preSolution
		HideSolutionNode = FALSE
	EndGlobalSection
	GlobalSection(ExtensibilityGlobals) = postSolution
		SolutionGuid = {F88EB46F-8AE7-4C84-AE03-A47B7304E57E}
	EndGlobalSection
EndGlobal
